
Microsoft Visual Studio Solution File, Format Version 12.00
# Visual Studio 15
VisualStudioVersion = 15.0.28307.168
MinimumVisualStudioVersion = 10.0.40219.1
Project("{FAE04EC0-301F-11D3-BF4B-00C04F79EFBC}") = "PrimingSingletons", "PrimingSingletons\PrimingSingletons.csproj", "{A46E784D-C915-4F6B-882E-3AEB21E100AB}"
EndProject
Global
	GlobalSection(SolutionConfigurationPlatforms) = preSolution
		Debug|Any CPU = Debug|Any CPU
		Release|Any CPU = Release|Any CPU
	EndGlobalSection
	GlobalSection(ProjectConfigurationPlatforms) = postSolution
		{A46E784D-C915-4F6B-882E-3AEB21E100AB}.Debug|Any CPU.ActiveCfg = Debug|Any CPU
		{A46E784D-C915-4F6B-882E-3AEB21E100AB}.Debug|Any CPU.Build.0 = Debug|Any CPU
		{A46E784D-C915-4F6B-882E-3AEB21E100AB}.Release|Any CPU.ActiveCfg = Release|Any CPU
		{A46E784D-C915-4F6B-882E-3AEB21E100AB}.Release|Any CPU.Build.0 = Release|Any CPU
	EndGlobalSection
	GlobalSection(SolutionProperties) = preSolution
		HideSolutionNode = FALSE
	EndGlobalSection
	GlobalSection(ExtensibilityGlobals) = postSolution
		SolutionGuid = {64A41293-5D1C-4C07-980E-F863B6DEDA45}
	EndGlobalSection
EndGlobal
