
Microsoft Visual Studio Solution File, Format Version 12.00
# Visual Studio 15
VisualStudioVersion = 15.0.27130.2020
MinimumVisualStudioVersion = 10.0.40219.1
Project("{FAE04EC0-301F-11D3-BF4B-00C04F79EFBC}") = "MyApp.Api", "MyApp.Api\MyApp.Api.csproj", "{3806DA59-808B-419F-9085-D1A1F88FCE95}"
EndProject
Project("{FAE04EC0-301F-11D3-BF4B-00C04F79EFBC}") = "MyApp.Web", "MyApp.Web\MyApp.Web.csproj", "{E0D650B5-972E-414D-A22E-1DB20DE18B20}"
EndProject
Global
	GlobalSection(SolutionConfigurationPlatforms) = preSolution
		Debug|Any CPU = Debug|Any CPU
		Release|Any CPU = Release|Any CPU
	EndGlobalSection
	GlobalSection(ProjectConfigurationPlatforms) = postSolution
		{3806DA59-808B-419F-9085-D1A1F88FCE95}.Debug|Any CPU.ActiveCfg = Debug|Any CPU
		{3806DA59-808B-419F-9085-D1A1F88FCE95}.Debug|Any CPU.Build.0 = Debug|Any CPU
		{3806DA59-808B-419F-9085-D1A1F88FCE95}.Release|Any CPU.ActiveCfg = Release|Any CPU
		{3806DA59-808B-419F-9085-D1A1F88FCE95}.Release|Any CPU.Build.0 = Release|Any CPU
		{E0D650B5-972E-414D-A22E-1DB20DE18B20}.Debug|Any CPU.ActiveCfg = Debug|Any CPU
		{E0D650B5-972E-414D-A22E-1DB20DE18B20}.Debug|Any CPU.Build.0 = Debug|Any CPU
		{E0D650B5-972E-414D-A22E-1DB20DE18B20}.Release|Any CPU.ActiveCfg = Release|Any CPU
		{E0D650B5-972E-414D-A22E-1DB20DE18B20}.Release|Any CPU.Build.0 = Release|Any CPU
	EndGlobalSection
	GlobalSection(SolutionProperties) = preSolution
		HideSolutionNode = FALSE
	EndGlobalSection
	GlobalSection(ExtensibilityGlobals) = postSolution
		SolutionGuid = {73F13756-455C-4D2B-AF27-59815EF9C09E}
	EndGlobalSection
EndGlobal
