
Microsoft Visual Studio Solution File, Format Version 12.00
# Visual Studio Version 16
VisualStudioVersion = 16.0.28922.388
MinimumVisualStudioVersion = 10.0.40219.1
Project("{FAE04EC0-301F-11D3-BF4B-00C04F79EFBC}") = "CustomFeatureFilter", "CustomFeatureFilter\CustomFeatureFilter.csproj", "{FF183581-70D4-46B7-BBAB-FABEA0867723}"
EndProject
Global
	GlobalSection(SolutionConfigurationPlatforms) = preSolution
		Debug|Any CPU = Debug|Any CPU
		Release|Any CPU = Release|Any CPU
	EndGlobalSection
	GlobalSection(ProjectConfigurationPlatforms) = postSolution
		{FF183581-70D4-46B7-BBAB-FABEA0867723}.Debug|Any CPU.ActiveCfg = Debug|Any CPU
		{FF183581-70D4-46B7-BBAB-FABEA0867723}.Debug|Any CPU.Build.0 = Debug|Any CPU
		{FF183581-70D4-46B7-BBAB-FABEA0867723}.Release|Any CPU.ActiveCfg = Release|Any CPU
		{FF183581-70D4-46B7-BBAB-FABEA0867723}.Release|Any CPU.Build.0 = Release|Any CPU
	EndGlobalSection
	GlobalSection(SolutionProperties) = preSolution
		HideSolutionNode = FALSE
	EndGlobalSection
	GlobalSection(ExtensibilityGlobals) = postSolution
		SolutionGuid = {00BD299D-1D12-4CB9-A6DF-291A5577FCFA}
	EndGlobalSection
EndGlobal
