
Microsoft Visual Studio Solution File, Format Version 12.00
# Visual Studio Version 17
VisualStudioVersion = 17.0.31903.59
MinimumVisualStudioVersion = 10.0.40219.1
Project("{FAE04EC0-301F-11D3-BF4B-00C04F79EFBC}") = "ConfigFluentValidation", "ConfigFluentValidation.csproj", "{045C85A1-4518-4A65-99ED-D56E29B023AF}"
EndProject
Global
	GlobalSection(SolutionConfigurationPlatforms) = preSolution
		Debug|Any CPU = Debug|Any CPU
		Release|Any CPU = Release|Any CPU
	EndGlobalSection
	GlobalSection(SolutionProperties) = preSolution
		HideSolutionNode = FALSE
	EndGlobalSection
	GlobalSection(ProjectConfigurationPlatforms) = postSolution
		{045C85A1-4518-4A65-99ED-D56E29B023AF}.Debug|Any CPU.ActiveCfg = Debug|Any CPU
		{045C85A1-4518-4A65-99ED-D56E29B023AF}.Debug|Any CPU.Build.0 = Debug|Any CPU
		{045C85A1-4518-4A65-99ED-D56E29B023AF}.Release|Any CPU.ActiveCfg = Release|Any CPU
		{045C85A1-4518-4A65-99ED-D56E29B023AF}.Release|Any CPU.Build.0 = Release|Any CPU
	EndGlobalSection
EndGlobal
