
Microsoft Visual Studio Solution File, Format Version 12.00
# Visual Studio Version 16
VisualStudioVersion = 16.0.30011.22
MinimumVisualStudioVersion = 10.0.40219.1
Project("{FAE04EC0-301F-11D3-BF4B-00C04F79EFBC}") = "PreventingOverPosting", "PreventingOverPosting\PreventingOverPosting.csproj", "{29267B52-056F-4760-8ECB-94038005B830}"
EndProject
Global
	GlobalSection(SolutionConfigurationPlatforms) = preSolution
		Debug|Any CPU = Debug|Any CPU
		Release|Any CPU = Release|Any CPU
	EndGlobalSection
	GlobalSection(ProjectConfigurationPlatforms) = postSolution
		{29267B52-056F-4760-8ECB-94038005B830}.Debug|Any CPU.ActiveCfg = Debug|Any CPU
		{29267B52-056F-4760-8ECB-94038005B830}.Debug|Any CPU.Build.0 = Debug|Any CPU
		{29267B52-056F-4760-8ECB-94038005B830}.Release|Any CPU.ActiveCfg = Release|Any CPU
		{29267B52-056F-4760-8ECB-94038005B830}.Release|Any CPU.Build.0 = Release|Any CPU
	EndGlobalSection
	GlobalSection(SolutionProperties) = preSolution
		HideSolutionNode = FALSE
	EndGlobalSection
	GlobalSection(ExtensibilityGlobals) = postSolution
		SolutionGuid = {6019638B-B97F-4696-A880-5E3B943F2FB5}
	EndGlobalSection
EndGlobal
