
Microsoft Visual Studio Solution File, Format Version 12.00
# Visual Studio Version 16
VisualStudioVersion = 16.0.29728.190
MinimumVisualStudioVersion = 10.0.40219.1
Project("{FAE04EC0-301F-11D3-BF4B-00C04F79EFBC}") = "AjaxRazorComponent", "AjaxRazorComponent\AjaxRazorComponent.csproj", "{24FC5610-BA2C-41E8-A6C1-F135830A1489}"
EndProject
Global
	GlobalSection(SolutionConfigurationPlatforms) = preSolution
		Debug|Any CPU = Debug|Any CPU
		Release|Any CPU = Release|Any CPU
	EndGlobalSection
	GlobalSection(ProjectConfigurationPlatforms) = postSolution
		{24FC5610-BA2C-41E8-A6C1-F135830A1489}.Debug|Any CPU.ActiveCfg = Debug|Any CPU
		{24FC5610-BA2C-41E8-A6C1-F135830A1489}.Debug|Any CPU.Build.0 = Debug|Any CPU
		{24FC5610-BA2C-41E8-A6C1-F135830A1489}.Release|Any CPU.ActiveCfg = Release|Any CPU
		{24FC5610-BA2C-41E8-A6C1-F135830A1489}.Release|Any CPU.Build.0 = Release|Any CPU
	EndGlobalSection
	GlobalSection(SolutionProperties) = preSolution
		HideSolutionNode = FALSE
	EndGlobalSection
	GlobalSection(ExtensibilityGlobals) = postSolution
		SolutionGuid = {B6366846-678B-4143-84A5-03F66D78E4AB}
	EndGlobalSection
EndGlobal
