
Microsoft Visual Studio Solution File, Format Version 12.00
# Visual Studio Version 16
VisualStudioVersion = 16.0.30128.74
MinimumVisualStudioVersion = 10.0.40219.1
Project("{FAE04EC0-301F-11D3-BF4B-00C04F79EFBC}") = "HostFilteringExample", "HostFilteringExample\HostFilteringExample.csproj", "{B46D9869-F8F0-4DEE-B521-A58A6B5D8A28}"
EndProject
Global
	GlobalSection(SolutionConfigurationPlatforms) = preSolution
		Debug|Any CPU = Debug|Any CPU
		Release|Any CPU = Release|Any CPU
	EndGlobalSection
	GlobalSection(ProjectConfigurationPlatforms) = postSolution
		{B46D9869-F8F0-4DEE-B521-A58A6B5D8A28}.Debug|Any CPU.ActiveCfg = Debug|Any CPU
		{B46D9869-F8F0-4DEE-B521-A58A6B5D8A28}.Debug|Any CPU.Build.0 = Debug|Any CPU
		{B46D9869-F8F0-4DEE-B521-A58A6B5D8A28}.Release|Any CPU.ActiveCfg = Release|Any CPU
		{B46D9869-F8F0-4DEE-B521-A58A6B5D8A28}.Release|Any CPU.Build.0 = Release|Any CPU
	EndGlobalSection
	GlobalSection(SolutionProperties) = preSolution
		HideSolutionNode = FALSE
	EndGlobalSection
	GlobalSection(ExtensibilityGlobals) = postSolution
		SolutionGuid = {940EA14E-FEE5-4E73-88F7-D689D9A675E8}
	EndGlobalSection
EndGlobal
