
Microsoft Visual Studio Solution File, Format Version 12.00
# Visual Studio 15
VisualStudioVersion = 15.0.26124.0
MinimumVisualStudioVersion = 15.0.26124.0
Project("{2150E333-8FDC-42A3-9474-1A3956D46DE8}") = "3.0", "3.0", "{6EF3009A-D910-4F10-9684-1E183B74E288}"
EndProject
Project("{FAE04EC0-301F-11D3-BF4B-00C04F79EFBC}") = "ExampleApp2", "2.0\ExampleApp2\ExampleApp2.csproj", "{55BE45B5-ECE9-4395-9375-48DF47E798BF}"
EndProject
Project("{FAE04EC0-301F-11D3-BF4B-00C04F79EFBC}") = "ExampleApp2.IntegrationTests", "2.0\ExampleApp2.IntegrationTests\ExampleApp2.IntegrationTests.csproj", "{61FA2B7E-5E0C-4710-A489-4D72647F6966}"
EndProject
Project("{FAE04EC0-301F-11D3-BF4B-00C04F79EFBC}") = "ExampleApp3", "3.0\ExampleApp3\ExampleApp3.csproj", "{D035E411-D23C-4DE1-9814-34AA57E04F2D}"
EndProject
Project("{FAE04EC0-301F-11D3-BF4B-00C04F79EFBC}") = "ExampleApp3.IntegrationTests", "3.0\ExampleApp3.IntegrationTests\ExampleApp3.IntegrationTests.csproj", "{73FD02D5-89CF-442E-AF3A-FC4E9BC097BC}"
EndProject
Global
	GlobalSection(SolutionConfigurationPlatforms) = preSolution
		Debug|Any CPU = Debug|Any CPU
		Debug|x64 = Debug|x64
		Debug|x86 = Debug|x86
		Release|Any CPU = Release|Any CPU
		Release|x64 = Release|x64
		Release|x86 = Release|x86
	EndGlobalSection
	GlobalSection(SolutionProperties) = preSolution
		HideSolutionNode = FALSE
	EndGlobalSection
	GlobalSection(ProjectConfigurationPlatforms) = postSolution
		{55BE45B5-ECE9-4395-9375-48DF47E798BF}.Debug|Any CPU.ActiveCfg = Debug|Any CPU
		{55BE45B5-ECE9-4395-9375-48DF47E798BF}.Debug|Any CPU.Build.0 = Debug|Any CPU
		{55BE45B5-ECE9-4395-9375-48DF47E798BF}.Debug|x64.ActiveCfg = Debug|Any CPU
		{55BE45B5-ECE9-4395-9375-48DF47E798BF}.Debug|x64.Build.0 = Debug|Any CPU
		{55BE45B5-ECE9-4395-9375-48DF47E798BF}.Debug|x86.ActiveCfg = Debug|Any CPU
		{55BE45B5-ECE9-4395-9375-48DF47E798BF}.Debug|x86.Build.0 = Debug|Any CPU
		{55BE45B5-ECE9-4395-9375-48DF47E798BF}.Release|Any CPU.ActiveCfg = Release|Any CPU
		{55BE45B5-ECE9-4395-9375-48DF47E798BF}.Release|Any CPU.Build.0 = Release|Any CPU
		{55BE45B5-ECE9-4395-9375-48DF47E798BF}.Release|x64.ActiveCfg = Release|Any CPU
		{55BE45B5-ECE9-4395-9375-48DF47E798BF}.Release|x64.Build.0 = Release|Any CPU
		{55BE45B5-ECE9-4395-9375-48DF47E798BF}.Release|x86.ActiveCfg = Release|Any CPU
		{55BE45B5-ECE9-4395-9375-48DF47E798BF}.Release|x86.Build.0 = Release|Any CPU
		{61FA2B7E-5E0C-4710-A489-4D72647F6966}.Debug|Any CPU.ActiveCfg = Debug|Any CPU
		{61FA2B7E-5E0C-4710-A489-4D72647F6966}.Debug|Any CPU.Build.0 = Debug|Any CPU
		{61FA2B7E-5E0C-4710-A489-4D72647F6966}.Debug|x64.ActiveCfg = Debug|Any CPU
		{61FA2B7E-5E0C-4710-A489-4D72647F6966}.Debug|x64.Build.0 = Debug|Any CPU
		{61FA2B7E-5E0C-4710-A489-4D72647F6966}.Debug|x86.ActiveCfg = Debug|Any CPU
		{61FA2B7E-5E0C-4710-A489-4D72647F6966}.Debug|x86.Build.0 = Debug|Any CPU
		{61FA2B7E-5E0C-4710-A489-4D72647F6966}.Release|Any CPU.ActiveCfg = Release|Any CPU
		{61FA2B7E-5E0C-4710-A489-4D72647F6966}.Release|Any CPU.Build.0 = Release|Any CPU
		{61FA2B7E-5E0C-4710-A489-4D72647F6966}.Release|x64.ActiveCfg = Release|Any CPU
		{61FA2B7E-5E0C-4710-A489-4D72647F6966}.Release|x64.Build.0 = Release|Any CPU
		{61FA2B7E-5E0C-4710-A489-4D72647F6966}.Release|x86.ActiveCfg = Release|Any CPU
		{61FA2B7E-5E0C-4710-A489-4D72647F6966}.Release|x86.Build.0 = Release|Any CPU
		{D035E411-D23C-4DE1-9814-34AA57E04F2D}.Debug|Any CPU.ActiveCfg = Debug|Any CPU
		{D035E411-D23C-4DE1-9814-34AA57E04F2D}.Debug|Any CPU.Build.0 = Debug|Any CPU
		{D035E411-D23C-4DE1-9814-34AA57E04F2D}.Debug|x64.ActiveCfg = Debug|Any CPU
		{D035E411-D23C-4DE1-9814-34AA57E04F2D}.Debug|x64.Build.0 = Debug|Any CPU
		{D035E411-D23C-4DE1-9814-34AA57E04F2D}.Debug|x86.ActiveCfg = Debug|Any CPU
		{D035E411-D23C-4DE1-9814-34AA57E04F2D}.Debug|x86.Build.0 = Debug|Any CPU
		{D035E411-D23C-4DE1-9814-34AA57E04F2D}.Release|Any CPU.ActiveCfg = Release|Any CPU
		{D035E411-D23C-4DE1-9814-34AA57E04F2D}.Release|Any CPU.Build.0 = Release|Any CPU
		{D035E411-D23C-4DE1-9814-34AA57E04F2D}.Release|x64.ActiveCfg = Release|Any CPU
		{D035E411-D23C-4DE1-9814-34AA57E04F2D}.Release|x64.Build.0 = Release|Any CPU
		{D035E411-D23C-4DE1-9814-34AA57E04F2D}.Release|x86.ActiveCfg = Release|Any CPU
		{D035E411-D23C-4DE1-9814-34AA57E04F2D}.Release|x86.Build.0 = Release|Any CPU
		{73FD02D5-89CF-442E-AF3A-FC4E9BC097BC}.Debug|Any CPU.ActiveCfg = Debug|Any CPU
		{73FD02D5-89CF-442E-AF3A-FC4E9BC097BC}.Debug|Any CPU.Build.0 = Debug|Any CPU
		{73FD02D5-89CF-442E-AF3A-FC4E9BC097BC}.Debug|x64.ActiveCfg = Debug|Any CPU
		{73FD02D5-89CF-442E-AF3A-FC4E9BC097BC}.Debug|x64.Build.0 = Debug|Any CPU
		{73FD02D5-89CF-442E-AF3A-FC4E9BC097BC}.Debug|x86.ActiveCfg = Debug|Any CPU
		{73FD02D5-89CF-442E-AF3A-FC4E9BC097BC}.Debug|x86.Build.0 = Debug|Any CPU
		{73FD02D5-89CF-442E-AF3A-FC4E9BC097BC}.Release|Any CPU.ActiveCfg = Release|Any CPU
		{73FD02D5-89CF-442E-AF3A-FC4E9BC097BC}.Release|Any CPU.Build.0 = Release|Any CPU
		{73FD02D5-89CF-442E-AF3A-FC4E9BC097BC}.Release|x64.ActiveCfg = Release|Any CPU
		{73FD02D5-89CF-442E-AF3A-FC4E9BC097BC}.Release|x64.Build.0 = Release|Any CPU
		{73FD02D5-89CF-442E-AF3A-FC4E9BC097BC}.Release|x86.ActiveCfg = Release|Any CPU
		{73FD02D5-89CF-442E-AF3A-FC4E9BC097BC}.Release|x86.Build.0 = Release|Any CPU
	EndGlobalSection
	GlobalSection(NestedProjects) = preSolution
		{55BE45B5-ECE9-4395-9375-48DF47E798BF} = {775112B2-E879-40E5-A1F9-90588FC17745}
		{61FA2B7E-5E0C-4710-A489-4D72647F6966} = {775112B2-E879-40E5-A1F9-90588FC17745}
		{D035E411-D23C-4DE1-9814-34AA57E04F2D} = {6EF3009A-D910-4F10-9684-1E183B74E288}
		{73FD02D5-89CF-442E-AF3A-FC4E9BC097BC} = {6EF3009A-D910-4F10-9684-1E183B74E288}
	EndGlobalSection
EndGlobal
