
Microsoft Visual Studio Solution File, Format Version 12.00
# Visual Studio Version 16
VisualStudioVersion = 16.0.29709.97
MinimumVisualStudioVersion = 10.0.40219.1
Project("{FAE04EC0-301F-11D3-BF4B-00C04F79EFBC}") = "RazorComponentsInto", "RazorComponentsInto\RazorComponentsInto.csproj", "{4D71DCFA-5163-491E-91FC-B0A200776025}"
EndProject
Global
	GlobalSection(SolutionConfigurationPlatforms) = preSolution
		Debug|Any CPU = Debug|Any CPU
		Release|Any CPU = Release|Any CPU
	EndGlobalSection
	GlobalSection(ProjectConfigurationPlatforms) = postSolution
		{4D71DCFA-5163-491E-91FC-B0A200776025}.Debug|Any CPU.ActiveCfg = Debug|Any CPU
		{4D71DCFA-5163-491E-91FC-B0A200776025}.Debug|Any CPU.Build.0 = Debug|Any CPU
		{4D71DCFA-5163-491E-91FC-B0A200776025}.Release|Any CPU.ActiveCfg = Release|Any CPU
		{4D71DCFA-5163-491E-91FC-B0A200776025}.Release|Any CPU.Build.0 = Release|Any CPU
	EndGlobalSection
	GlobalSection(SolutionProperties) = preSolution
		HideSolutionNode = FALSE
	EndGlobalSection
	GlobalSection(ExtensibilityGlobals) = postSolution
		SolutionGuid = {58D95012-B603-45B5-B280-6C41B7E394FA}
	EndGlobalSection
EndGlobal
