
Microsoft Visual Studio Solution File, Format Version 12.00
# Visual Studio Version 16
VisualStudioVersion = 16.0.30128.74
MinimumVisualStudioVersion = 10.0.40219.1
Project("{9A19103F-16F7-4668-BE54-9A1E7A4F7556}") = "VisualisingRoutes", "VisualisingRoutes\VisualisingRoutes.csproj", "{B71BE743-670A-4B08-A964-0B1C6B41855B}"
EndProject
Project("{9A19103F-16F7-4668-BE54-9A1E7A4F7556}") = "MvcRoutes", "MvcRoutes\MvcRoutes.csproj", "{1BCB0730-6E85-47B2-814D-AB68829C17E4}"
EndProject
Project("{9A19103F-16F7-4668-BE54-9A1E7A4F7556}") = "ApiRoutes", "ApiRoutes\ApiRoutes.csproj", "{433A6491-92FE-4AEC-B8C6-6690994253E9}"
EndProject
Project("{9A19103F-16F7-4668-BE54-9A1E7A4F7556}") = "CustomGraphWriter", "CustomGraphWriter\CustomGraphWriter.csproj", "{6A664320-33AA-430D-BFD2-9D2534F84849}"
EndProject
Project("{FAE04EC0-301F-11D3-BF4B-00C04F79EFBC}") = "ApiRoutesTest", "ApiRoutesTest\ApiRoutesTest.csproj", "{4FF63AE1-2B28-4BE4-9F7B-60141ACA8D93}"
EndProject
Global
	GlobalSection(SolutionConfigurationPlatforms) = preSolution
		Debug|Any CPU = Debug|Any CPU
		Release|Any CPU = Release|Any CPU
	EndGlobalSection
	GlobalSection(ProjectConfigurationPlatforms) = postSolution
		{B71BE743-670A-4B08-A964-0B1C6B41855B}.Debug|Any CPU.ActiveCfg = Debug|Any CPU
		{B71BE743-670A-4B08-A964-0B1C6B41855B}.Debug|Any CPU.Build.0 = Debug|Any CPU
		{B71BE743-670A-4B08-A964-0B1C6B41855B}.Release|Any CPU.ActiveCfg = Release|Any CPU
		{B71BE743-670A-4B08-A964-0B1C6B41855B}.Release|Any CPU.Build.0 = Release|Any CPU
		{1BCB0730-6E85-47B2-814D-AB68829C17E4}.Debug|Any CPU.ActiveCfg = Debug|Any CPU
		{1BCB0730-6E85-47B2-814D-AB68829C17E4}.Debug|Any CPU.Build.0 = Debug|Any CPU
		{1BCB0730-6E85-47B2-814D-AB68829C17E4}.Release|Any CPU.ActiveCfg = Release|Any CPU
		{1BCB0730-6E85-47B2-814D-AB68829C17E4}.Release|Any CPU.Build.0 = Release|Any CPU
		{433A6491-92FE-4AEC-B8C6-6690994253E9}.Debug|Any CPU.ActiveCfg = Debug|Any CPU
		{433A6491-92FE-4AEC-B8C6-6690994253E9}.Debug|Any CPU.Build.0 = Debug|Any CPU
		{433A6491-92FE-4AEC-B8C6-6690994253E9}.Release|Any CPU.ActiveCfg = Release|Any CPU
		{433A6491-92FE-4AEC-B8C6-6690994253E9}.Release|Any CPU.Build.0 = Release|Any CPU
		{6A664320-33AA-430D-BFD2-9D2534F84849}.Debug|Any CPU.ActiveCfg = Debug|Any CPU
		{6A664320-33AA-430D-BFD2-9D2534F84849}.Debug|Any CPU.Build.0 = Debug|Any CPU
		{6A664320-33AA-430D-BFD2-9D2534F84849}.Release|Any CPU.ActiveCfg = Release|Any CPU
		{6A664320-33AA-430D-BFD2-9D2534F84849}.Release|Any CPU.Build.0 = Release|Any CPU
		{4FF63AE1-2B28-4BE4-9F7B-60141ACA8D93}.Debug|Any CPU.ActiveCfg = Debug|Any CPU
		{4FF63AE1-2B28-4BE4-9F7B-60141ACA8D93}.Debug|Any CPU.Build.0 = Debug|Any CPU
		{4FF63AE1-2B28-4BE4-9F7B-60141ACA8D93}.Release|Any CPU.ActiveCfg = Release|Any CPU
		{4FF63AE1-2B28-4BE4-9F7B-60141ACA8D93}.Release|Any CPU.Build.0 = Release|Any CPU
	EndGlobalSection
	GlobalSection(SolutionProperties) = preSolution
		HideSolutionNode = FALSE
	EndGlobalSection
	GlobalSection(ExtensibilityGlobals) = postSolution
		SolutionGuid = {CB88315E-3B1E-43C5-929D-B2817C9A80A0}
	EndGlobalSection
EndGlobal
