
Microsoft Visual Studio Solution File, Format Version 12.00
# Visual Studio Version 16
VisualStudioVersion = 16.0.30011.22
MinimumVisualStudioVersion = 10.0.40219.1
Project("{FAE04EC0-301F-11D3-BF4B-00C04F79EFBC}") = "WebApplication1", "WebApplication1\WebApplication1.csproj", "{83A1430A-8141-4206-AA73-C61436A0E22D}"
EndProject
Global
	GlobalSection(SolutionConfigurationPlatforms) = preSolution
		Debug|Any CPU = Debug|Any CPU
		Release|Any CPU = Release|Any CPU
	EndGlobalSection
	GlobalSection(ProjectConfigurationPlatforms) = postSolution
		{83A1430A-8141-4206-AA73-C61436A0E22D}.Debug|Any CPU.ActiveCfg = Debug|Any CPU
		{83A1430A-8141-4206-AA73-C61436A0E22D}.Debug|Any CPU.Build.0 = Debug|Any CPU
		{83A1430A-8141-4206-AA73-C61436A0E22D}.Release|Any CPU.ActiveCfg = Release|Any CPU
		{83A1430A-8141-4206-AA73-C61436A0E22D}.Release|Any CPU.Build.0 = Release|Any CPU
	EndGlobalSection
	GlobalSection(SolutionProperties) = preSolution
		HideSolutionNode = FALSE
	EndGlobalSection
	GlobalSection(ExtensibilityGlobals) = postSolution
		SolutionGuid = {3D50531D-92D2-4219-9F77-4CEF506914BD}
	EndGlobalSection
EndGlobal
