
Microsoft Visual Studio Solution File, Format Version 12.00
# Visual Studio 15
VisualStudioVersion = 15.0.27428.2043
MinimumVisualStudioVersion = 10.0.40219.1
Project("{FAE04EC0-301F-11D3-BF4B-00C04F79EFBC}") = "VersionNumbers", "VersionNumbers\VersionNumbers.csproj", "{AD9FB297-125F-48F0-8FBE-2E7FE8795BAF}"
EndProject
Global
	GlobalSection(SolutionConfigurationPlatforms) = preSolution
		Debug|Any CPU = Debug|Any CPU
		Release|Any CPU = Release|Any CPU
	EndGlobalSection
	GlobalSection(ProjectConfigurationPlatforms) = postSolution
		{AD9FB297-125F-48F0-8FBE-2E7FE8795BAF}.Debug|Any CPU.ActiveCfg = Debug|Any CPU
		{AD9FB297-125F-48F0-8FBE-2E7FE8795BAF}.Debug|Any CPU.Build.0 = Debug|Any CPU
		{AD9FB297-125F-48F0-8FBE-2E7FE8795BAF}.Release|Any CPU.ActiveCfg = Release|Any CPU
		{AD9FB297-125F-48F0-8FBE-2E7FE8795BAF}.Release|Any CPU.Build.0 = Release|Any CPU
	EndGlobalSection
	GlobalSection(SolutionProperties) = preSolution
		HideSolutionNode = FALSE
	EndGlobalSection
	GlobalSection(ExtensibilityGlobals) = postSolution
		SolutionGuid = {E4269302-04E8-4DE6-8F9C-E13B4A6C3DDA}
	EndGlobalSection
EndGlobal
