
Microsoft Visual Studio Solution File, Format Version 12.00
# Visual Studio Version 16
VisualStudioVersion = 16.0.28803.156
MinimumVisualStudioVersion = 10.0.40219.1
Project("{FAE04EC0-301F-11D3-BF4B-00C04F79EFBC}") = "StronglyTypedIdEfCore", "StronglyTypedIdEfCore\StronglyTypedIdEfCore.csproj", "{A0500BC6-722F-4EEE-BE7E-7FFD1E609708}"
EndProject
Global
	GlobalSection(SolutionConfigurationPlatforms) = preSolution
		Debug|Any CPU = Debug|Any CPU
		Release|Any CPU = Release|Any CPU
	EndGlobalSection
	GlobalSection(ProjectConfigurationPlatforms) = postSolution
		{A0500BC6-722F-4EEE-BE7E-7FFD1E609708}.Debug|Any CPU.ActiveCfg = Debug|Any CPU
		{A0500BC6-722F-4EEE-BE7E-7FFD1E609708}.Debug|Any CPU.Build.0 = Debug|Any CPU
		{A0500BC6-722F-4EEE-BE7E-7FFD1E609708}.Release|Any CPU.ActiveCfg = Release|Any CPU
		{A0500BC6-722F-4EEE-BE7E-7FFD1E609708}.Release|Any CPU.Build.0 = Release|Any CPU
	EndGlobalSection
	GlobalSection(SolutionProperties) = preSolution
		HideSolutionNode = FALSE
	EndGlobalSection
	GlobalSection(ExtensibilityGlobals) = postSolution
		SolutionGuid = {48D009EA-B6BC-4A9D-8B32-F110A9933F6B}
	EndGlobalSection
EndGlobal
