
Microsoft Visual Studio Solution File, Format Version 12.00
# Visual Studio Version 16
VisualStudioVersion = 16.0.28803.352
MinimumVisualStudioVersion = 10.0.40219.1
Project("{FAE04EC0-301F-11D3-BF4B-00C04F79EFBC}") = "QuartzHostedService", "QuartzHostedService\QuartzHostedService.csproj", "{9949A250-8B59-49FF-9258-4279280977DD}"
EndProject
Global
	GlobalSection(SolutionConfigurationPlatforms) = preSolution
		Debug|Any CPU = Debug|Any CPU
		Release|Any CPU = Release|Any CPU
	EndGlobalSection
	GlobalSection(ProjectConfigurationPlatforms) = postSolution
		{9949A250-8B59-49FF-9258-4279280977DD}.Debug|Any CPU.ActiveCfg = Debug|Any CPU
		{9949A250-8B59-49FF-9258-4279280977DD}.Debug|Any CPU.Build.0 = Debug|Any CPU
		{9949A250-8B59-49FF-9258-4279280977DD}.Release|Any CPU.ActiveCfg = Release|Any CPU
		{9949A250-8B59-49FF-9258-4279280977DD}.Release|Any CPU.Build.0 = Release|Any CPU
	EndGlobalSection
	GlobalSection(SolutionProperties) = preSolution
		HideSolutionNode = FALSE
	EndGlobalSection
	GlobalSection(ExtensibilityGlobals) = postSolution
		SolutionGuid = {765EAF8C-DC2A-4137-A0BA-3720AD03DFD5}
	EndGlobalSection
EndGlobal
