
Microsoft Visual Studio Solution File, Format Version 12.00
# Visual Studio 15
VisualStudioVersion = 15.0.26228.9
MinimumVisualStudioVersion = 10.0.40219.1
Project("{FAE04EC0-301F-11D3-BF4B-00C04F79EFBC}") = "ImporvedImageSharpUsage", "ImporvedImageSharpUsage\ImporvedImageSharpUsage.csproj", "{8E3D729A-57FA-421F-9571-A9379E851E52}"
EndProject
Global
	GlobalSection(SolutionConfigurationPlatforms) = preSolution
		Debug|Any CPU = Debug|Any CPU
		Release|Any CPU = Release|Any CPU
	EndGlobalSection
	GlobalSection(ProjectConfigurationPlatforms) = postSolution
		{8E3D729A-57FA-421F-9571-A9379E851E52}.Debug|Any CPU.ActiveCfg = Debug|Any CPU
		{8E3D729A-57FA-421F-9571-A9379E851E52}.Debug|Any CPU.Build.0 = Debug|Any CPU
		{8E3D729A-57FA-421F-9571-A9379E851E52}.Release|Any CPU.ActiveCfg = Release|Any CPU
		{8E3D729A-57FA-421F-9571-A9379E851E52}.Release|Any CPU.Build.0 = Release|Any CPU
	EndGlobalSection
	GlobalSection(SolutionProperties) = preSolution
		HideSolutionNode = FALSE
	EndGlobalSection
EndGlobal
