
Microsoft Visual Studio Solution File, Format Version 12.00
# Visual Studio 14
VisualStudioVersion = 14.0.25420.1
MinimumVisualStudioVersion = 10.0.40219.1
Project("{2150E333-8FDC-42A3-9474-1A3956D46DE8}") = "src", "src", "{91BA7AB1-E534-4853-B552-66587081F91E}"
EndProject
Project("{2150E333-8FDC-42A3-9474-1A3956D46DE8}") = "Solution Items", "Solution Items", "{139CEE37-7B6D-4947-9403-583EF69BC465}"
	ProjectSection(SolutionItems) = preProject
		global.json = global.json
	EndProjectSection
EndProject
Project("{8BB2217D-0F2D-49D1-97BC-3654ED321F3B}") = "OAuthExampleFacebook", "src\OAuthExampleFacebook\OAuthExampleFacebook.xproj", "{1EC8665B-DC76-49F3-8A4C-DE79D153A63B}"
EndProject
Global
	GlobalSection(SolutionConfigurationPlatforms) = preSolution
		Debug|Any CPU = Debug|Any CPU
		Release|Any CPU = Release|Any CPU
	EndGlobalSection
	GlobalSection(ProjectConfigurationPlatforms) = postSolution
		{1EC8665B-DC76-49F3-8A4C-DE79D153A63B}.Debug|Any CPU.ActiveCfg = Debug|Any CPU
		{1EC8665B-DC76-49F3-8A4C-DE79D153A63B}.Debug|Any CPU.Build.0 = Debug|Any CPU
		{1EC8665B-DC76-49F3-8A4C-DE79D153A63B}.Release|Any CPU.ActiveCfg = Release|Any CPU
		{1EC8665B-DC76-49F3-8A4C-DE79D153A63B}.Release|Any CPU.Build.0 = Release|Any CPU
	EndGlobalSection
	GlobalSection(SolutionProperties) = preSolution
		HideSolutionNode = FALSE
	EndGlobalSection
	GlobalSection(NestedProjects) = preSolution
		{1EC8665B-DC76-49F3-8A4C-DE79D153A63B} = {91BA7AB1-E534-4853-B552-66587081F91E}
	EndGlobalSection
EndGlobal
