
Microsoft Visual Studio Solution File, Format Version 12.00
# Visual Studio 15
VisualStudioVersion = 15.0.26430.14
MinimumVisualStudioVersion = 10.0.40219.1
Project("{FAE04EC0-301F-11D3-BF4B-00C04F79EFBC}") = "WebApplication18", "WebApplication18\WebApplication18.csproj", "{A8B6D36A-89BF-4EA8-A158-B98F79F4F58C}"
EndProject
Global
	GlobalSection(SolutionConfigurationPlatforms) = preSolution
		Debug|Any CPU = Debug|Any CPU
		Release|Any CPU = Release|Any CPU
	EndGlobalSection
	GlobalSection(ProjectConfigurationPlatforms) = postSolution
		{A8B6D36A-89BF-4EA8-A158-B98F79F4F58C}.Debug|Any CPU.ActiveCfg = Debug|Any CPU
		{A8B6D36A-89BF-4EA8-A158-B98F79F4F58C}.Debug|Any CPU.Build.0 = Debug|Any CPU
		{A8B6D36A-89BF-4EA8-A158-B98F79F4F58C}.Release|Any CPU.ActiveCfg = Release|Any CPU
		{A8B6D36A-89BF-4EA8-A158-B98F79F4F58C}.Release|Any CPU.Build.0 = Release|Any CPU
	EndGlobalSection
	GlobalSection(SolutionProperties) = preSolution
		HideSolutionNode = FALSE
	EndGlobalSection
EndGlobal
